// !$*UTF8*$!
{
	archiveVersion = 1;
	classes = {
	};
	objectVersion = 56;
	objects = {

/* Begin PBXBuildFile section */
		57386E112AEFF18000CC4DD8 /* SwiftUI_WeatherApp.swift in Sources */ = {isa = PBXBuildFile; fileRef = 57386E102AEFF18000CC4DD8 /* SwiftUI_WeatherApp.swift */; };
		57386E132AEFF18000CC4DD8 /* ContentView.swift in Sources */ = {isa = PBXBuildFile; fileRef = 57386E122AEFF18000CC4DD8 /* ContentView.swift */; };
		57386E152AEFF18100CC4DD8 /* Assets.xcassets in Resources */ = {isa = PBXBuildFile; fileRef = 57386E142AEFF18100CC4DD8 /* Assets.xcassets */; };
		57386E182AEFF18100CC4DD8 /* Preview Assets.xcassets in Resources */ = {isa = PBXBuildFile; fileRef = 57386E172AEFF18100CC4DD8 /* Preview Assets.xcassets */; };
		57386E202AF0170800CC4DD8 /* WeatherDayView.swift in Sources */ = {isa = PBXBuildFile; fileRef = 57386E1F2AF0170800CC4DD8 /* WeatherDayView.swift */; };
		57386E222AF0173800CC4DD8 /* BgGradientView.swift in Sources */ = {isa = PBXBuildFile; fileRef = 57386E212AF0173800CC4DD8 /* BgGradientView.swift */; };
		57386E252AF0178200CC4DD8 /* WeatherDay.swift in Sources */ = {isa = PBXBuildFile; fileRef = 57386E242AF0178200CC4DD8 /* WeatherDay.swift */; };
		57386E272AF01E4B00CC4DD8 /* CityTextView.swift in Sources */ = {isa = PBXBuildFile; fileRef = 57386E262AF01E4B00CC4DD8 /* CityTextView.swift */; };
		57386E292AF01F3000CC4DD8 /* WeatherStatusView.swift in Sources */ = {isa = PBXBuildFile; fileRef = 57386E282AF01F3000CC4DD8 /* WeatherStatusView.swift */; };
		57386E2B2AF01F8800CC4DD8 /* WeatherButton.swift in Sources */ = {isa = PBXBuildFile; fileRef = 57386E2A2AF01F8800CC4DD8 /* WeatherButton.swift */; };
/* End PBXBuildFile section */

/* Begin PBXFileReference section */
		57386E0D2AEFF18000CC4DD8 /* SwiftUI-Weather.app */ = {isa = PBXFileReference; explicitFileType = wrapper.application; includeInIndex = 0; path = "SwiftUI-Weather.app"; sourceTree = BUILT_PRODUCTS_DIR; };
		57386E102AEFF18000CC4DD8 /* SwiftUI_WeatherApp.swift */ = {isa = PBXFileReference; lastKnownFileType = sourcecode.swift; path = SwiftUI_WeatherApp.swift; sourceTree = "<group>"; };
		57386E122AEFF18000CC4DD8 /* ContentView.swift */ = {isa = PBXFileReference; lastKnownFileType = sourcecode.swift; path = ContentView.swift; sourceTree = "<group>"; };
		57386E142AEFF18100CC4DD8 /* Assets.xcassets */ = {isa = PBXFileReference; lastKnownFileType = folder.assetcatalog; path = Assets.xcassets; sourceTree = "<group>"; };
		57386E172AEFF18100CC4DD8 /* Preview Assets.xcassets */ = {isa = PBXFileReference; lastKnownFileType = folder.assetcatalog; path = "Preview Assets.xcassets"; sourceTree = "<group>"; };
		57386E1F2AF0170800CC4DD8 /* WeatherDayView.swift */ = {isa = PBXFileReference; lastKnownFileType = sourcecode.swift; path = WeatherDayView.swift; sourceTree = "<group>"; };
		57386E212AF0173800CC4DD8 /* BgGradientView.swift */ = {isa = PBXFileReference; lastKnownFileType = sourcecode.swift; path = BgGradientView.swift; sourceTree = "<group>"; };
		57386E242AF0178200CC4DD8 /* WeatherDay.swift */ = {isa = PBXFileReference; lastKnownFileType = sourcecode.swift; path = WeatherDay.swift; sourceTree = "<group>"; };
		57386E262AF01E4B00CC4DD8 /* CityTextView.swift */ = {isa = PBXFileReference; lastKnownFileType = sourcecode.swift; path = CityTextView.swift; sourceTree = "<group>"; };
		57386E282AF01F3000CC4DD8 /* WeatherStatusView.swift */ = {isa = PBXFileReference; lastKnownFileType = sourcecode.swift; path = WeatherStatusView.swift; sourceTree = "<group>"; };
		57386E2A2AF01F8800CC4DD8 /* WeatherButton.swift */ = {isa = PBXFileReference; lastKnownFileType = sourcecode.swift; path = WeatherButton.swift; sourceTree = "<group>"; };
/* End PBXFileReference section */

/* Begin PBXFrameworksBuildPhase section */
		57386E0A2AEFF18000CC4DD8 /* Frameworks */ = {
			isa = PBXFrameworksBuildPhase;
			buildActionMask = 2147483647;
			files = (
			);
			runOnlyForDeploymentPostprocessing = 0;
		};
/* End PBXFrameworksBuildPhase section */

/* Begin PBXGroup section */
		57386E042AEFF18000CC4DD8 = {
			isa = PBXGroup;
			children = (
				57386E0F2AEFF18000CC4DD8 /* SwiftUI-Weather */,
				57386E0E2AEFF18000CC4DD8 /* Products */,
			);
			sourceTree = "<group>";
		};
		57386E0E2AEFF18000CC4DD8 /* Products */ = {
			isa = PBXGroup;
			children = (
				57386E0D2AEFF18000CC4DD8 /* SwiftUI-Weather.app */,
			);
			name = Products;
			sourceTree = "<group>";
		};
		57386E0F2AEFF18000CC4DD8 /* SwiftUI-Weather */ = {
			isa = PBXGroup;
			children = (
				57386E1E2AF016D100CC4DD8 /* CustomViews */,
				57386E232AF0175C00CC4DD8 /* Models */,
				57386E102AEFF18000CC4DD8 /* SwiftUI_WeatherApp.swift */,
				57386E122AEFF18000CC4DD8 /* ContentView.swift */,
				57386E142AEFF18100CC4DD8 /* Assets.xcassets */,
				57386E162AEFF18100CC4DD8 /* Preview Content */,
			);
			path = "SwiftUI-Weather";
			sourceTree = "<group>";
		};
		57386E162AEFF18100CC4DD8 /* Preview Content */ = {
			isa = PBXGroup;
			children = (
				57386E172AEFF18100CC4DD8 /* Preview Assets.xcassets */,
			);
			path = "Preview Content";
			sourceTree = "<group>";
		};
		57386E1E2AF016D100CC4DD8 /* CustomViews */ = {
			isa = PBXGroup;
			children = (
				57386E1F2AF0170800CC4DD8 /* WeatherDayView.swift */,
				57386E212AF0173800CC4DD8 /* BgGradientView.swift */,
				57386E262AF01E4B00CC4DD8 /* CityTextView.swift */,
				57386E282AF01F3000CC4DD8 /* WeatherStatusView.swift */,
				57386E2A2AF01F8800CC4DD8 /* WeatherButton.swift */,
			);
			path = CustomViews;
			sourceTree = "<group>";
		};
		57386E232AF0175C00CC4DD8 /* Models */ = {
			isa = PBXGroup;
			children = (
				57386E242AF0178200CC4DD8 /* WeatherDay.swift */,
			);
			path = Models;
			sourceTree = "<group>";
		};
/* End PBXGroup section */

/* Begin PBXNativeTarget section */
		57386E0C2AEFF18000CC4DD8 /* SwiftUI-Weather */ = {
			isa = PBXNativeTarget;
			buildConfigurationList = 57386E1B2AEFF18100CC4DD8 /* Build configuration list for PBXNativeTarget "SwiftUI-Weather" */;
			buildPhases = (
				57386E092AEFF18000CC4DD8 /* Sources */,
				57386E0A2AEFF18000CC4DD8 /* Frameworks */,
				57386E0B2AEFF18000CC4DD8 /* Resources */,
			);
			buildRules = (
			);
			dependencies = (
			);
			name = "SwiftUI-Weather";
			productName = "SwiftUI-Weather";
			productReference = 57386E0D2AEFF18000CC4DD8 /* SwiftUI-Weather.app */;
			productType = "com.apple.product-type.application";
		};
/* End PBXNativeTarget section */

/* Begin PBXProject section */
		57386E052AEFF18000CC4DD8 /* Project object */ = {
			isa = PBXProject;
			attributes = {
				BuildIndependentTargetsInParallel = 1;
				LastSwiftUpdateCheck = 1500;
				LastUpgradeCheck = 1500;
				TargetAttributes = {
					57386E0C2AEFF18000CC4DD8 = {
						CreatedOnToolsVersion = 15.0;
					};
				};
			};
			buildConfigurationList = 57386E082AEFF18000CC4DD8 /* Build configuration list for PBXProject "SwiftUI-Weather" */;
			compatibilityVersion = "Xcode 14.0";
			developmentRegion = en;
			hasScannedForEncodings = 0;
			knownRegions = (
				en,
				Base,
			);
			mainGroup = 57386E042AEFF18000CC4DD8;
			productRefGroup = 57386E0E2AEFF18000CC4DD8 /* Products */;
			projectDirPath = "";
			projectRoot = "";
			targets = (
				57386E0C2AEFF18000CC4DD8 /* SwiftUI-Weather */,
			);
		};
/* End PBXProject section */

/* Begin PBXResourcesBuildPhase section */
		57386E0B2AEFF18000CC4DD8 /* Resources */ = {
			isa = PBXResourcesBuildPhase;
			buildActionMask = 2147483647;
			files = (
				57386E182AEFF18100CC4DD8 /* Preview Assets.xcassets in Resources */,
				57386E152AEFF18100CC4DD8 /* Assets.xcassets in Resources */,
			);
			runOnlyForDeploymentPostprocessing = 0;
		};
/* End PBXResourcesBuildPhase section */

/* Begin PBXSourcesBuildPhase section */
		57386E092AEFF18000CC4DD8 /* Sources */ = {
			isa = PBXSourcesBuildPhase;
			buildActionMask = 2147483647;
			files = (
				57386E132AEFF18000CC4DD8 /* ContentView.swift in Sources */,
				57386E222AF0173800CC4DD8 /* BgGradientView.swift in Sources */,
				57386E2B2AF01F8800CC4DD8 /* WeatherButton.swift in Sources */,
				57386E272AF01E4B00CC4DD8 /* CityTextView.swift in Sources */,
				57386E112AEFF18000CC4DD8 /* SwiftUI_WeatherApp.swift in Sources */,
				57386E202AF0170800CC4DD8 /* WeatherDayView.swift in Sources */,
				57386E292AF01F3000CC4DD8 /* WeatherStatusView.swift in Sources */,
				57386E252AF0178200CC4DD8 /* WeatherDay.swift in Sources */,
			);
			runOnlyForDeploymentPostprocessing = 0;
		};
/* End PBXSourcesBuildPhase section */

/* Begin XCBuildConfiguration section */
		57386E192AEFF18100CC4DD8 /* Debug */ = {
			isa = XCBuildConfiguration;
			buildSettings = {
				ALWAYS_SEARCH_USER_PATHS = NO;
				ASSETCATALOG_COMPILER_GENERATE_SWIFT_ASSET_SYMBOL_EXTENSIONS = YES;
				CLANG_ANALYZER_NONNULL = YES;
				CLANG_ANALYZER_NUMBER_OBJECT_CONVERSION = YES_AGGRESSIVE;
				CLANG_CXX_LANGUAGE_STANDARD = "gnu++20";
				CLANG_ENABLE_MODULES = YES;
				CLANG_ENABLE_OBJC_ARC = YES;
				CLANG_ENABLE_OBJC_WEAK = YES;
				CLANG_WARN_BLOCK_CAPTURE_AUTORELEASING = YES;
				CLANG_WARN_BOOL_CONVERSION = YES;
				CLANG_WARN_COMMA = YES;
				CLANG_WARN_CONSTANT_CONVERSION = YES;
				CLANG_WARN_DEPRECATED_OBJC_IMPLEMENTATIONS = YES;
				CLANG_WARN_DIRECT_OBJC_ISA_USAGE = YES_ERROR;
				CLANG_WARN_DOCUMENTATION_COMMENTS = YES;
				CLANG_WARN_EMPTY_BODY = YES;
				CLANG_WARN_ENUM_CONVERSION = YES;
				CLANG_WARN_INFINITE_RECURSION = YES;
				CLANG_WARN_INT_CONVERSION = YES;
				CLANG_WARN_NON_LITERAL_NULL_CONVERSION = YES;
				CLANG_WARN_OBJC_IMPLICIT_RETAIN_SELF = YES;
				CLANG_WARN_OBJC_LITERAL_CONVERSION = YES;
				CLANG_WARN_OBJC_ROOT_CLASS = YES_ERROR;
				CLANG_WARN_QUOTED_INCLUDE_IN_FRAMEWORK_HEADER = YES;
				CLANG_WARN_RANGE_LOOP_ANALYSIS = YES;
				CLANG_WARN_STRICT_PROTOTYPES = YES;
				CLANG_WARN_SUSPICIOUS_MOVE = YES;
				CLANG_WARN_UNGUARDED_AVAILABILITY = YES_AGGRESSIVE;
				CLANG_WARN_UNREACHABLE_CODE = YES;
				CLANG_WARN__DUPLICATE_METHOD_MATCH = YES;
				COPY_PHASE_STRIP = NO;
				DEBUG_INFORMATION_FORMAT = dwarf;
				ENABLE_STRICT_OBJC_MSGSEND = YES;
				ENABLE_TESTABILITY = YES;
				ENABLE_USER_SCRIPT_SANDBOXING = YES;
				GCC_C_LANGUAGE_STANDARD = gnu17;
				GCC_DYNAMIC_NO_PIC = NO;
				GCC_NO_COMMON_BLOCKS = YES;
				GCC_OPTIMIZATION_LEVEL = 0;
				GCC_PREPROCESSOR_DEFINITIONS = (
					"DEBUG=1",
					"$(inherited)",
				);
				GCC_WARN_64_TO_32_BIT_CONVERSION = YES;
				GCC_WARN_ABOUT_RETURN_TYPE = YES_ERROR;
				GCC_WARN_UNDECLARED_SELECTOR = YES;
				GCC_WARN_UNINITIALIZED_AUTOS = YES_AGGRESSIVE;
				GCC_WARN_UNUSED_FUNCTION = YES;
				GCC_WARN_UNUSED_VARIABLE = YES;
				IPHONEOS_DEPLOYMENT_TARGET = 15.0;
				LOCALIZATION_PREFERS_STRING_CATALOGS = YES;
				MTL_ENABLE_DEBUG_INFO = INCLUDE_SOURCE;
				MTL_FAST_MATH = YES;
				ONLY_ACTIVE_ARCH = YES;
				SDKROOT = iphoneos;
				SWIFT_ACTIVE_COMPILATION_CONDITIONS = "DEBUG $(inherited)";
				SWIFT_OPTIMIZATION_LEVEL = "-Onone";
			};
			name = Debug;
		};
		57386E1A2AEFF18100CC4DD8 /* Release */ = {
			isa = XCBuildConfiguration;
			buildSettings = {
				ALWAYS_SEARCH_USER_PATHS = NO;
				ASSETCATALOG_COMPILER_GENERATE_SWIFT_ASSET_SYMBOL_EXTENSIONS = YES;
				CLANG_ANALYZER_NONNULL = YES;
				CLANG_ANALYZER_NUMBER_OBJECT_CONVERSION = YES_AGGRESSIVE;
				CLANG_CXX_LANGUAGE_STANDARD = "gnu++20";
				CLANG_ENABLE_MODULES = YES;
				CLANG_ENABLE_OBJC_ARC = YES;
				CLANG_ENABLE_OBJC_WEAK = YES;
				CLANG_WARN_BLOCK_CAPTURE_AUTORELEASING = YES;
				CLANG_WARN_BOOL_CONVERSION = YES;
				CLANG_WARN_COMMA = YES;
				CLANG_WARN_CONSTANT_CONVERSION = YES;
				CLANG_WARN_DEPRECATED_OBJC_IMPLEMENTATIONS = YES;
				CLANG_WARN_DIRECT_OBJC_ISA_USAGE = YES_ERROR;
				CLANG_WARN_DOCUMENTATION_COMMENTS = YES;
				CLANG_WARN_EMPTY_BODY = YES;
				CLANG_WARN_ENUM_CONVERSION = YES;
				CLANG_WARN_INFINITE_RECURSION = YES;
				CLANG_WARN_INT_CONVERSION = YES;
				CLANG_WARN_NON_LITERAL_NULL_CONVERSION = YES;
				CLANG_WARN_OBJC_IMPLICIT_RETAIN_SELF = YES;
				CLANG_WARN_OBJC_LITERAL_CONVERSION = YES;
				CLANG_WARN_OBJC_ROOT_CLASS = YES_ERROR;
				CLANG_WARN_QUOTED_INCLUDE_IN_FRAMEWORK_HEADER = YES;
				CLANG_WARN_RANGE_LOOP_ANALYSIS = YES;
				CLANG_WARN_STRICT_PROTOTYPES = YES;
				CLANG_WARN_SUSPICIOUS_MOVE = YES;
				CLANG_WARN_UNGUARDED_AVAILABILITY = YES_AGGRESSIVE;
				CLANG_WARN_UNREACHABLE_CODE = YES;
				CLANG_WARN__DUPLICATE_METHOD_MATCH = YES;
				COPY_PHASE_STRIP = NO;
				DEBUG_INFORMATION_FORMAT = "dwarf-with-dsym";
				ENABLE_NS_ASSERTIONS = NO;
				ENABLE_STRICT_OBJC_MSGSEND = YES;
				ENABLE_USER_SCRIPT_SANDBOXING = YES;
				GCC_C_LANGUAGE_STANDARD = gnu17;
				GCC_NO_COMMON_BLOCKS = YES;
				GCC_WARN_64_TO_32_BIT_CONVERSION = YES;
				GCC_WARN_ABOUT_RETURN_TYPE = YES_ERROR;
				GCC_WARN_UNDECLARED_SELECTOR = YES;
				GCC_WARN_UNINITIALIZED_AUTOS = YES_AGGRESSIVE;
				GCC_WARN_UNUSED_FUNCTION = YES;
				GCC_WARN_UNUSED_VARIABLE = YES;
				IPHONEOS_DEPLOYMENT_TARGET = 15.0;
				LOCALIZATION_PREFERS_STRING_CATALOGS = YES;
				MTL_ENABLE_DEBUG_INFO = NO;
				MTL_FAST_MATH = YES;
				SDKROOT = iphoneos;
				SWIFT_COMPILATION_MODE = wholemodule;
				VALIDATE_PRODUCT = YES;
			};
			name = Release;
		};
		57386E1C2AEFF18100CC4DD8 /* Debug */ = {
			isa = XCBuildConfiguration;
			buildSettings = {
				ASSETCATALOG_COMPILER_APPICON_NAME = AppIcon;
				ASSETCATALOG_COMPILER_GLOBAL_ACCENT_COLOR_NAME = AccentColor;
				CODE_SIGN_STYLE = Automatic;
				CURRENT_PROJECT_VERSION = 1;
				DEVELOPMENT_ASSET_PATHS = "\"SwiftUI-Weather/Preview Content\"";
				DEVELOPMENT_TEAM = AUS3N78KC6;
				ENABLE_PREVIEWS = YES;
				GENERATE_INFOPLIST_FILE = YES;
				INFOPLIST_KEY_UIApplicationSceneManifest_Generation = YES;
				INFOPLIST_KEY_UIApplicationSupportsIndirectInputEvents = YES;
				INFOPLIST_KEY_UILaunchScreen_Generation = YES;
				INFOPLIST_KEY_UISupportedInterfaceOrientations_iPad = "UIInterfaceOrientationPortrait UIInterfaceOrientationPortraitUpsideDown UIInterfaceOrientationLandscapeLeft UIInterfaceOrientationLandscapeRight";
				INFOPLIST_KEY_UISupportedInterfaceOrientations_iPhone = "UIInterfaceOrientationPortrait UIInterfaceOrientationLandscapeLeft UIInterfaceOrientationLandscapeRight";
				IPHONEOS_DEPLOYMENT_TARGET = 16.0;
				LD_RUNPATH_SEARCH_PATHS = (
					"$(inherited)",
					"@executable_path/Frameworks",
				);
				MARKETING_VERSION = 1.0;
				PRODUCT_BUNDLE_IDENTIFIER = "com.victorcampos.SwiftUI-Weather";
				PRODUCT_NAME = "$(TARGET_NAME)";
				SWIFT_EMIT_LOC_STRINGS = YES;
				SWIFT_VERSION = 5.0;
				TARGETED_DEVICE_FAMILY = "1,2";
			};
			name = Debug;
		};
		57386E1D2AEFF18100CC4DD8 /* Release */ = {
			isa = XCBuildConfiguration;
			buildSettings = {
				ASSETCATALOG_COMPILER_APPICON_NAME = AppIcon;
				ASSETCATALOG_COMPILER_GLOBAL_ACCENT_COLOR_NAME = AccentColor;
				CODE_SIGN_STYLE = Automatic;
				CURRENT_PROJECT_VERSION = 1;
				DEVELOPMENT_ASSET_PATHS = "\"SwiftUI-Weather/Preview Content\"";
				DEVELOPMENT_TEAM = AUS3N78KC6;
				ENABLE_PREVIEWS = YES;
				GENERATE_INFOPLIST_FILE = YES;
				INFOPLIST_KEY_UIApplicationSceneManifest_Generation = YES;
				INFOPLIST_KEY_UIApplicationSupportsIndirectInputEvents = YES;
				INFOPLIST_KEY_UILaunchScreen_Generation = YES;
				INFOPLIST_KEY_UISupportedInterfaceOrientations_iPad = "UIInterfaceOrientationPortrait UIInterfaceOrientationPortraitUpsideDown UIInterfaceOrientationLandscapeLeft UIInterfaceOrientationLandscapeRight";
				INFOPLIST_KEY_UISupportedInterfaceOrientations_iPhone = "UIInterfaceOrientationPortrait UIInterfaceOrientationLandscapeLeft UIInterfaceOrientationLandscapeRight";
				IPHONEOS_DEPLOYMENT_TARGET = 16.0;
				LD_RUNPATH_SEARCH_PATHS = (
					"$(inherited)",
					"@executable_path/Frameworks",
				);
				MARKETING_VERSION = 1.0;
				PRODUCT_BUNDLE_IDENTIFIER = "com.victorcampos.SwiftUI-Weather";
				PRODUCT_NAME = "$(TARGET_NAME)";
				SWIFT_EMIT_LOC_STRINGS = YES;
				SWIFT_VERSION = 5.0;
				TARGETED_DEVICE_FAMILY = "1,2";
			};
			name = Release;
		};
/* End XCBuildConfiguration section */

/* Begin XCConfigurationList section */
		57386E082AEFF18000CC4DD8 /* Build configuration list for PBXProject "SwiftUI-Weather" */ = {
			isa = XCConfigurationList;
			buildConfigurations = (
				57386E192AEFF18100CC4DD8 /* Debug */,
				57386E1A2AEFF18100CC4DD8 /* Release */,
			);
			defaultConfigurationIsVisible = 0;
			defaultConfigurationName = Release;
		};
		57386E1B2AEFF18100CC4DD8 /* Build configuration list for PBXNativeTarget "SwiftUI-Weather" */ = {
			isa = XCConfigurationList;
			buildConfigurations = (
				57386E1C2AEFF18100CC4DD8 /* Debug */,
				57386E1D2AEFF18100CC4DD8 /* Release */,
			);
			defaultConfigurationIsVisible = 0;
			defaultConfigurationName = Release;
		};
/* End XCConfigurationList section */
	};
	rootObject = 57386E052AEFF18000CC4DD8 /* Project object */;
}
